// !$*UTF8*$!
{
	archiveVersion = 1;
	classes = {
	};
	objectVersion = 50;
	objects = {

/* Begin PBXBuildFile section */
		C513F85120E2AFCF00D731A6 /* data.json in Resources */ = {isa = PBXBuildFile; fileRef = C513F85020E2AFCF00D731A6 /* data.json */; };
		C513F85320E2C40600D731A6 /* FlickrListViewModel.swift in Sources */ = {isa = PBXBuildFile; fileRef = C513F85220E2C40600D731A6 /* FlickrListViewModel.swift */; };
		C59C80E020DE2A5800E1D438 /* AppDelegate.swift in Sources */ = {isa = PBXBuildFile; fileRef = C59C80DF20DE2A5800E1D438 /* AppDelegate.swift */; };
		C59C80E520DE2A5800E1D438 /* Main.storyboard in Resources */ = {isa = PBXBuildFile; fileRef = C59C80E320DE2A5800E1D438 /* Main.storyboard */; };
		C59C80E720DE2A5900E1D438 /* Assets.xcassets in Resources */ = {isa = PBXBuildFile; fileRef = C59C80E620DE2A5900E1D438 /* Assets.xcassets */; };
		C59C80EA20DE2A5900E1D438 /* LaunchScreen.storyboard in Resources */ = {isa = PBXBuildFile; fileRef = C59C80E820DE2A5900E1D438 /* LaunchScreen.storyboard */; };
		C59C80F520DE2A5900E1D438 /* FlikrTests.swift in Sources */ = {isa = PBXBuildFile; fileRef = C59C80F420DE2A5900E1D438 /* FlikrTests.swift */; };
		C59C810320DE2AB000E1D438 /* WebServiceManager.swift in Sources */ = {isa = PBXBuildFile; fileRef = C59C810220DE2AB000E1D438 /* WebServiceManager.swift */; };
		C59C810720DE2BF600E1D438 /* FlickrPhoto.swift in Sources */ = {isa = PBXBuildFile; fileRef = C59C810620DE2BF600E1D438 /* FlickrPhoto.swift */; };
		C59C810920DE2C1100E1D438 /* FlikrRequest.swift in Sources */ = {isa = PBXBuildFile; fileRef = C59C810820DE2C1100E1D438 /* FlikrRequest.swift */; };
		C59C810B20DEB77400E1D438 /* ViewController.swift in Sources */ = {isa = PBXBuildFile; fileRef = C59C810A20DEB77400E1D438 /* ViewController.swift */; };
		C59C810D20DEBB2900E1D438 /* FlickrListModel.swift in Sources */ = {isa = PBXBuildFile; fileRef = C59C810C20DEBB2900E1D438 /* FlickrListModel.swift */; };
/* End PBXBuildFile section */

/* Begin PBXContainerItemProxy section */
		C59C80F120DE2A5900E1D438 /* PBXContainerItemProxy */ = {
			isa = PBXContainerItemProxy;
			containerPortal = C59C80D420DE2A5800E1D438 /* Project object */;
			proxyType = 1;
			remoteGlobalIDString = C59C80DB20DE2A5800E1D438;
			remoteInfo = Flikr;
		};
/* End PBXContainerItemProxy section */

/* Begin PBXFileReference section */
		C513F85020E2AFCF00D731A6 /* data.json */ = {isa = PBXFileReference; lastKnownFileType = text.json; path = data.json; sourceTree = "<group>"; };
		C513F85220E2C40600D731A6 /* FlickrListViewModel.swift */ = {isa = PBXFileReference; fileEncoding = 4; lastKnownFileType = sourcecode.swift; path = FlickrListViewModel.swift; sourceTree = "<group>"; };
		C59C80DC20DE2A5800E1D438 /* Flikr.app */ = {isa = PBXFileReference; explicitFileType = wrapper.application; includeInIndex = 0; path = Flikr.app; sourceTree = BUILT_PRODUCTS_DIR; };
		C59C80DF20DE2A5800E1D438 /* AppDelegate.swift */ = {isa = PBXFileReference; lastKnownFileType = sourcecode.swift; path = AppDelegate.swift; sourceTree = "<group>"; };
		C59C80E420DE2A5800E1D438 /* Base */ = {isa = PBXFileReference; lastKnownFileType = file.storyboard; name = Base; path = Base.lproj/Main.storyboard; sourceTree = "<group>"; };
		C59C80E620DE2A5900E1D438 /* Assets.xcassets */ = {isa = PBXFileReference; lastKnownFileType = folder.assetcatalog; path = Assets.xcassets; sourceTree = "<group>"; };
		C59C80E920DE2A5900E1D438 /* Base */ = {isa = PBXFileReference; lastKnownFileType = file.storyboard; name = Base; path = Base.lproj/LaunchScreen.storyboard; sourceTree = "<group>"; };
		C59C80EB20DE2A5900E1D438 /* Info.plist */ = {isa = PBXFileReference; lastKnownFileType = text.plist.xml; path = Info.plist; sourceTree = "<group>"; };
		C59C80F020DE2A5900E1D438 /* FlikrTests.xctest */ = {isa = PBXFileReference; explicitFileType = wrapper.cfbundle; includeInIndex = 0; path = FlikrTests.xctest; sourceTree = BUILT_PRODUCTS_DIR; };
		C59C80F420DE2A5900E1D438 /* FlikrTests.swift */ = {isa = PBXFileReference; lastKnownFileType = sourcecode.swift; path = FlikrTests.swift; sourceTree = "<group>"; };
		C59C80F620DE2A5900E1D438 /* Info.plist */ = {isa = PBXFileReference; lastKnownFileType = text.plist.xml; path = Info.plist; sourceTree = "<group>"; };
		C59C810220DE2AB000E1D438 /* WebServiceManager.swift */ = {isa = PBXFileReference; lastKnownFileType = sourcecode.swift; path = WebServiceManager.swift; sourceTree = "<group>"; };
		C59C810620DE2BF600E1D438 /* FlickrPhoto.swift */ = {isa = PBXFileReference; lastKnownFileType = sourcecode.swift; path = FlickrPhoto.swift; sourceTree = "<group>"; };
		C59C810820DE2C1100E1D438 /* FlikrRequest.swift */ = {isa = PBXFileReference; lastKnownFileType = sourcecode.swift; path = FlikrRequest.swift; sourceTree = "<group>"; };
		C59C810A20DEB77400E1D438 /* ViewController.swift */ = {isa = PBXFileReference; lastKnownFileType = sourcecode.swift; path = ViewController.swift; sourceTree = "<group>"; };
		C59C810C20DEBB2900E1D438 /* FlickrListModel.swift */ = {isa = PBXFileReference; lastKnownFileType = sourcecode.swift; path = FlickrListModel.swift; sourceTree = "<group>"; };
/* End PBXFileReference section */

/* Begin PBXFrameworksBuildPhase section */
		C59C80D920DE2A5800E1D438 /* Frameworks */ = {
			isa = PBXFrameworksBuildPhase;
			buildActionMask = 2147483647;
			files = (
			);
			runOnlyForDeploymentPostprocessing = 0;
		};
		C59C80ED20DE2A5900E1D438 /* Frameworks */ = {
			isa = PBXFrameworksBuildPhase;
			buildActionMask = 2147483647;
			files = (
			);
			runOnlyForDeploymentPostprocessing = 0;
		};
/* End PBXFrameworksBuildPhase section */

/* Begin PBXGroup section */
		C59C80D320DE2A5800E1D438 = {
			isa = PBXGroup;
			children = (
				C59C80DE20DE2A5800E1D438 /* Flikr */,
				C59C80F320DE2A5900E1D438 /* FlikrTests */,
				C59C80DD20DE2A5800E1D438 /* Products */,
			);
			sourceTree = "<group>";
		};
		C59C80DD20DE2A5800E1D438 /* Products */ = {
			isa = PBXGroup;
			children = (
				C59C80DC20DE2A5800E1D438 /* Flikr.app */,
				C59C80F020DE2A5900E1D438 /* FlikrTests.xctest */,
			);
			name = Products;
			sourceTree = "<group>";
		};
		C59C80DE20DE2A5800E1D438 /* Flikr */ = {
			isa = PBXGroup;
			children = (
				C59C810120DE2A9D00E1D438 /* WebService */,
				C59C80DF20DE2A5800E1D438 /* AppDelegate.swift */,
				C59C810A20DEB77400E1D438 /* ViewController.swift */,
				C513F85220E2C40600D731A6 /* FlickrListViewModel.swift */,
				C59C810C20DEBB2900E1D438 /* FlickrListModel.swift */,
				C59C810620DE2BF600E1D438 /* FlickrPhoto.swift */,
				C59C80E320DE2A5800E1D438 /* Main.storyboard */,
				C59C80E620DE2A5900E1D438 /* Assets.xcassets */,
				C59C80E820DE2A5900E1D438 /* LaunchScreen.storyboard */,
				C59C80EB20DE2A5900E1D438 /* Info.plist */,
			);
			path = Flikr;
			sourceTree = "<group>";
		};
		C59C80F320DE2A5900E1D438 /* FlikrTests */ = {
			isa = PBXGroup;
			children = (
				C59C80F420DE2A5900E1D438 /* FlikrTests.swift */,
				C513F85020E2AFCF00D731A6 /* data.json */,
				C59C80F620DE2A5900E1D438 /* Info.plist */,
			);
			path = FlikrTests;
			sourceTree = "<group>";
		};
		C59C810120DE2A9D00E1D438 /* WebService */ = {
			isa = PBXGroup;
			children = (
				C59C810220DE2AB000E1D438 /* WebServiceManager.swift */,
				C59C810820DE2C1100E1D438 /* FlikrRequest.swift */,
			);
			path = WebService;
			sourceTree = "<group>";
		};
/* End PBXGroup section */

/* Begin PBXNativeTarget section */
		C59C80DB20DE2A5800E1D438 /* Flikr */ = {
			isa = PBXNativeTarget;
			buildConfigurationList = C59C80F920DE2A5900E1D438 /* Build configuration list for PBXNativeTarget "Flikr" */;
			buildPhases = (
				C59C80D820DE2A5800E1D438 /* Sources */,
				C59C80D920DE2A5800E1D438 /* Frameworks */,
				C59C80DA20DE2A5800E1D438 /* Resources */,
			);
			buildRules = (
			);
			dependencies = (
			);
			name = Flikr;
			productName = Flikr;
			productReference = C59C80DC20DE2A5800E1D438 /* Flikr.app */;
			productType = "com.apple.product-type.application";
		};
		C59C80EF20DE2A5900E1D438 /* FlikrTests */ = {
			isa = PBXNativeTarget;
			buildConfigurationList = C59C80FC20DE2A5900E1D438 /* Build configuration list for PBXNativeTarget "FlikrTests" */;
			buildPhases = (
				C59C80EC20DE2A5900E1D438 /* Sources */,
				C59C80ED20DE2A5900E1D438 /* Frameworks */,
				C59C80EE20DE2A5900E1D438 /* Resources */,
			);
			buildRules = (
			);
			dependencies = (
				C59C80F220DE2A5900E1D438 /* PBXTargetDependency */,
			);
			name = FlikrTests;
			productName = FlikrTests;
			productReference = C59C80F020DE2A5900E1D438 /* FlikrTests.xctest */;
			productType = "com.apple.product-type.bundle.unit-test";
		};
/* End PBXNativeTarget section */

/* Begin PBXProject section */
		C59C80D420DE2A5800E1D438 /* Project object */ = {
			isa = PBXProject;
			attributes = {
				LastSwiftUpdateCheck = 0930;
				LastUpgradeCheck = 0930;
				ORGANIZATIONNAME = "Amit Battan";
				TargetAttributes = {
					C59C80DB20DE2A5800E1D438 = {
						CreatedOnToolsVersion = 9.3;
					};
					C59C80EF20DE2A5900E1D438 = {
						CreatedOnToolsVersion = 9.3;
						TestTargetID = C59C80DB20DE2A5800E1D438;
					};
				};
			};
			buildConfigurationList = C59C80D720DE2A5800E1D438 /* Build configuration list for PBXProject "Flikr" */;
			compatibilityVersion = "Xcode 9.3";
			developmentRegion = en;
			hasScannedForEncodings = 0;
			knownRegions = (
				en,
				Base,
			);
			mainGroup = C59C80D320DE2A5800E1D438;
			productRefGroup = C59C80DD20DE2A5800E1D438 /* Products */;
			projectDirPath = "";
			projectRoot = "";
			targets = (
				C59C80DB20DE2A5800E1D438 /* Flikr */,
				C59C80EF20DE2A5900E1D438 /* FlikrTests */,
			);
		};
/* End PBXProject section */

/* Begin PBXResourcesBuildPhase section */
		C59C80DA20DE2A5800E1D438 /* Resources */ = {
			isa = PBXResourcesBuildPhase;
			buildActionMask = 2147483647;
			files = (
				C59C80EA20DE2A5900E1D438 /* LaunchScreen.storyboard in Resources */,
				C59C80E720DE2A5900E1D438 /* Assets.xcassets in Resources */,
				C59C80E520DE2A5800E1D438 /* Main.storyboard in Resources */,
			);
			runOnlyForDeploymentPostprocessing = 0;
		};
		C59C80EE20DE2A5900E1D438 /* Resources */ = {
			isa = PBXResourcesBuildPhase;
			buildActionMask = 2147483647;
			files = (
				C513F85120E2AFCF00D731A6 /* data.json in Resources */,
			);
			runOnlyForDeploymentPostprocessing = 0;
		};
/* End PBXResourcesBuildPhase section */

/* Begin PBXSourcesBuildPhase section */
		C59C80D820DE2A5800E1D438 /* Sources */ = {
			isa = PBXSourcesBuildPhase;
			buildActionMask = 2147483647;
			files = (
				C59C810B20DEB77400E1D438 /* ViewController.swift in Sources */,
				C59C810D20DEBB2900E1D438 /* FlickrListModel.swift in Sources */,
				C59C810920DE2C1100E1D438 /* FlikrRequest.swift in Sources */,
				C59C810720DE2BF600E1D438 /* FlickrPhoto.swift in Sources */,
				C59C80E020DE2A5800E1D438 /* AppDelegate.swift in Sources */,
				C513F85320E2C40600D731A6 /* FlickrListViewModel.swift in Sources */,
				C59C810320DE2AB000E1D438 /* WebServiceManager.swift in Sources */,
			);
			runOnlyForDeploymentPostprocessing = 0;
		};
		C59C80EC20DE2A5900E1D438 /* Sources */ = {
			isa = PBXSourcesBuildPhase;
			buildActionMask = 2147483647;
			files = (
				C59C80F520DE2A5900E1D438 /* FlikrTests.swift in Sources */,
			);
			runOnlyForDeploymentPostprocessing = 0;
		};
/* End PBXSourcesBuildPhase section */

/* Begin PBXTargetDependency section */
		C59C80F220DE2A5900E1D438 /* PBXTargetDependency */ = {
			isa = PBXTargetDependency;
			target = C59C80DB20DE2A5800E1D438 /* Flikr */;
			targetProxy = C59C80F120DE2A5900E1D438 /* PBXContainerItemProxy */;
		};
/* End PBXTargetDependency section */

/* Begin PBXVariantGroup section */
		C59C80E320DE2A5800E1D438 /* Main.storyboard */ = {
			isa = PBXVariantGroup;
			children = (
				C59C80E420DE2A5800E1D438 /* Base */,
			);
			name = Main.storyboard;
			sourceTree = "<group>";
		};
		C59C80E820DE2A5900E1D438 /* LaunchScreen.storyboard */ = {
			isa = PBXVariantGroup;
			children = (
				C59C80E920DE2A5900E1D438 /* Base */,
			);
			name = LaunchScreen.storyboard;
			sourceTree = "<group>";
		};
/* End PBXVariantGroup section */

/* Begin XCBuildConfiguration section */
		C59C80F720DE2A5900E1D438 /* Debug */ = {
			isa = XCBuildConfiguration;
			buildSettings = {
				ALWAYS_SEARCH_USER_PATHS = NO;
				CLANG_ANALYZER_NONNULL = YES;
				CLANG_ANALYZER_NUMBER_OBJECT_CONVERSION = YES_AGGRESSIVE;
				CLANG_CXX_LANGUAGE_STANDARD = "gnu++14";
				CLANG_CXX_LIBRARY = "libc++";
				CLANG_ENABLE_MODULES = YES;
				CLANG_ENABLE_OBJC_ARC = YES;
				CLANG_ENABLE_OBJC_WEAK = YES;
				CLANG_WARN_BLOCK_CAPTURE_AUTORELEASING = YES;
				CLANG_WARN_BOOL_CONVERSION = YES;
				CLANG_WARN_COMMA = YES;
				CLANG_WARN_CONSTANT_CONVERSION = YES;
				CLANG_WARN_DEPRECATED_OBJC_IMPLEMENTATIONS = YES;
				CLANG_WARN_DIRECT_OBJC_ISA_USAGE = YES_ERROR;
				CLANG_WARN_DOCUMENTATION_COMMENTS = YES;
				CLANG_WARN_EMPTY_BODY = YES;
				CLANG_WARN_ENUM_CONVERSION = YES;
				CLANG_WARN_INFINITE_RECURSION = YES;
				CLANG_WARN_INT_CONVERSION = YES;
				CLANG_WARN_NON_LITERAL_NULL_CONVERSION = YES;
				CLANG_WARN_OBJC_IMPLICIT_RETAIN_SELF = YES;
				CLANG_WARN_OBJC_LITERAL_CONVERSION = YES;
				CLANG_WARN_OBJC_ROOT_CLASS = YES_ERROR;
				CLANG_WARN_RANGE_LOOP_ANALYSIS = YES;
				CLANG_WARN_STRICT_PROTOTYPES = YES;
				CLANG_WARN_SUSPICIOUS_MOVE = YES;
				CLANG_WARN_UNGUARDED_AVAILABILITY = YES_AGGRESSIVE;
				CLANG_WARN_UNREACHABLE_CODE = YES;
				CLANG_WARN__DUPLICATE_METHOD_MATCH = YES;
				CODE_SIGN_IDENTITY = "iPhone Developer";
				COPY_PHASE_STRIP = NO;
				DEBUG_INFORMATION_FORMAT = dwarf;
				ENABLE_STRICT_OBJC_MSGSEND = YES;
				ENABLE_TESTABILITY = YES;
				GCC_C_LANGUAGE_STANDARD = gnu11;
				GCC_DYNAMIC_NO_PIC = NO;
				GCC_NO_COMMON_BLOCKS = YES;
				GCC_OPTIMIZATION_LEVEL = 0;
				GCC_PREPROCESSOR_DEFINITIONS = (
					"DEBUG=1",
					"$(inherited)",
				);
				GCC_WARN_64_TO_32_BIT_CONVERSION = YES;
				GCC_WARN_ABOUT_RETURN_TYPE = YES_ERROR;
				GCC_WARN_UNDECLARED_SELECTOR = YES;
				GCC_WARN_UNINITIALIZED_AUTOS = YES_AGGRESSIVE;
				GCC_WARN_UNUSED_FUNCTION = YES;
				GCC_WARN_UNUSED_VARIABLE = YES;
				IPHONEOS_DEPLOYMENT_TARGET = 11.3;
				MTL_ENABLE_DEBUG_INFO = YES;
				ONLY_ACTIVE_ARCH = YES;
				SDKROOT = iphoneos;
				SWIFT_ACTIVE_COMPILATION_CONDITIONS = DEBUG;
				SWIFT_OPTIMIZATION_LEVEL = "-Onone";
			};
			name = Debug;
		};
		C59C80F820DE2A5900E1D438 /* Release */ = {
			isa = XCBuildConfiguration;
			buildSettings = {
				ALWAYS_SEARCH_USER_PATHS = NO;
				CLANG_ANALYZER_NONNULL = YES;
				CLANG_ANALYZER_NUMBER_OBJECT_CONVERSION = YES_AGGRESSIVE;
				CLANG_CXX_LANGUAGE_STANDARD = "gnu++14";
				CLANG_CXX_LIBRARY = "libc++";
				CLANG_ENABLE_MODULES = YES;
				CLANG_ENABLE_OBJC_ARC = YES;
				CLANG_ENABLE_OBJC_WEAK = YES;
				CLANG_WARN_BLOCK_CAPTURE_AUTORELEASING = YES;
				CLANG_WARN_BOOL_CONVERSION = YES;
				CLANG_WARN_COMMA = YES;
				CLANG_WARN_CONSTANT_CONVERSION = YES;
				CLANG_WARN_DEPRECATED_OBJC_IMPLEMENTATIONS = YES;
				CLANG_WARN_DIRECT_OBJC_ISA_USAGE = YES_ERROR;
				CLANG_WARN_DOCUMENTATION_COMMENTS = YES;
				CLANG_WARN_EMPTY_BODY = YES;
				CLANG_WARN_ENUM_CONVERSION = YES;
				CLANG_WARN_INFINITE_RECURSION = YES;
				CLANG_WARN_INT_CONVERSION = YES;
				CLANG_WARN_NON_LITERAL_NULL_CONVERSION = YES;
				CLANG_WARN_OBJC_IMPLICIT_RETAIN_SELF = YES;
				CLANG_WARN_OBJC_LITERAL_CONVERSION = YES;
				CLANG_WARN_OBJC_ROOT_CLASS = YES_ERROR;
				CLANG_WARN_RANGE_LOOP_ANALYSIS = YES;
				CLANG_WARN_STRICT_PROTOTYPES = YES;
				CLANG_WARN_SUSPICIOUS_MOVE = YES;
				CLANG_WARN_UNGUARDED_AVAILABILITY = YES_AGGRESSIVE;
				CLANG_WARN_UNREACHABLE_CODE = YES;
				CLANG_WARN__DUPLICATE_METHOD_MATCH = YES;
				CODE_SIGN_IDENTITY = "iPhone Developer";
				COPY_PHASE_STRIP = NO;
				DEBUG_INFORMATION_FORMAT = "dwarf-with-dsym";
				ENABLE_NS_ASSERTIONS = NO;
				ENABLE_STRICT_OBJC_MSGSEND = YES;
				GCC_C_LANGUAGE_STANDARD = gnu11;
				GCC_NO_COMMON_BLOCKS = YES;
				GCC_WARN_64_TO_32_BIT_CONVERSION = YES;
				GCC_WARN_ABOUT_RETURN_TYPE = YES_ERROR;
				GCC_WARN_UNDECLARED_SELECTOR = YES;
				GCC_WARN_UNINITIALIZED_AUTOS = YES_AGGRESSIVE;
				GCC_WARN_UNUSED_FUNCTION = YES;
				GCC_WARN_UNUSED_VARIABLE = YES;
				IPHONEOS_DEPLOYMENT_TARGET = 11.3;
				MTL_ENABLE_DEBUG_INFO = NO;
				SDKROOT = iphoneos;
				SWIFT_COMPILATION_MODE = wholemodule;
				SWIFT_OPTIMIZATION_LEVEL = "-O";
				VALIDATE_PRODUCT = YES;
			};
			name = Release;
		};
		C59C80FA20DE2A5900E1D438 /* Debug */ = {
			isa = XCBuildConfiguration;
			buildSettings = {
				ASSETCATALOG_COMPILER_APPICON_NAME = AppIcon;
				CODE_SIGN_STYLE = Automatic;
				INFOPLIST_FILE = Flikr/Info.plist;
				LD_RUNPATH_SEARCH_PATHS = (
					"$(inherited)",
					"@executable_path/Frameworks",
				);
				PRODUCT_BUNDLE_IDENTIFIER = com.amit.Flikr;
				PRODUCT_NAME = "$(TARGET_NAME)";
				SWIFT_VERSION = 4.0;
				TARGETED_DEVICE_FAMILY = "1,2";
			};
			name = Debug;
		};
		C59C80FB20DE2A5900E1D438 /* Release */ = {
			isa = XCBuildConfiguration;
			buildSettings = {
				ASSETCATALOG_COMPILER_APPICON_NAME = AppIcon;
				CODE_SIGN_STYLE = Automatic;
				INFOPLIST_FILE = Flikr/Info.plist;
				LD_RUNPATH_SEARCH_PATHS = (
					"$(inherited)",
					"@executable_path/Frameworks",
				);
				PRODUCT_BUNDLE_IDENTIFIER = com.amit.Flikr;
				PRODUCT_NAME = "$(TARGET_NAME)";
				SWIFT_VERSION = 4.0;
				TARGETED_DEVICE_FAMILY = "1,2";
			};
			name = Release;
		};
		C59C80FD20DE2A5900E1D438 /* Debug */ = {
			isa = XCBuildConfiguration;
			buildSettings = {
				ALWAYS_EMBED_SWIFT_STANDARD_LIBRARIES = YES;
				BUNDLE_LOADER = "$(TEST_HOST)";
				CODE_SIGN_STYLE = Automatic;
				INFOPLIST_FILE = FlikrTests/Info.plist;
				LD_RUNPATH_SEARCH_PATHS = (
					"$(inherited)",
					"@executable_path/Frameworks",
					"@loader_path/Frameworks",
				);
				PRODUCT_BUNDLE_IDENTIFIER = com.amit.FlikrTests;
				PRODUCT_NAME = "$(TARGET_NAME)";
				SWIFT_VERSION = 4.0;
				TARGETED_DEVICE_FAMILY = "1,2";
				TEST_HOST = "$(BUILT_PRODUCTS_DIR)/Flikr.app/Flikr";
			};
			name = Debug;
		};
		C59C80FE20DE2A5900E1D438 /* Release */ = {
			isa = XCBuildConfiguration;
			buildSettings = {
				ALWAYS_EMBED_SWIFT_STANDARD_LIBRARIES = YES;
				BUNDLE_LOADER = "$(TEST_HOST)";
				CODE_SIGN_STYLE = Automatic;
				INFOPLIST_FILE = FlikrTests/Info.plist;
				LD_RUNPATH_SEARCH_PATHS = (
					"$(inherited)",
					"@executable_path/Frameworks",
					"@loader_path/Frameworks",
				);
				PRODUCT_BUNDLE_IDENTIFIER = com.amit.FlikrTests;
				PRODUCT_NAME = "$(TARGET_NAME)";
				SWIFT_VERSION = 4.0;
				TARGETED_DEVICE_FAMILY = "1,2";
				TEST_HOST = "$(BUILT_PRODUCTS_DIR)/Flikr.app/Flikr";
			};
			name = Release;
		};
/* End XCBuildConfiguration section */

/* Begin XCConfigurationList section */
		C59C80D720DE2A5800E1D438 /* Build configuration list for PBXProject "Flikr" */ = {
			isa = XCConfigurationList;
			buildConfigurations = (
				C59C80F720DE2A5900E1D438 /* Debug */,
				C59C80F820DE2A5900E1D438 /* Release */,
			);
			defaultConfigurationIsVisible = 0;
			defaultConfigurationName = Release;
		};
		C59C80F920DE2A5900E1D438 /* Build configuration list for PBXNativeTarget "Flikr" */ = {
			isa = XCConfigurationList;
			buildConfigurations = (
				C59C80FA20DE2A5900E1D438 /* Debug */,
				C59C80FB20DE2A5900E1D438 /* Release */,
			);
			defaultConfigurationIsVisible = 0;
			defaultConfigurationName = Release;
		};
		C59C80FC20DE2A5900E1D438 /* Build configuration list for PBXNativeTarget "FlikrTests" */ = {
			isa = XCConfigurationList;
			buildConfigurations = (
				C59C80FD20DE2A5900E1D438 /* Debug */,
				C59C80FE20DE2A5900E1D438 /* Release */,
			);
			defaultConfigurationIsVisible = 0;
			defaultConfigurationName = Release;
		};
/* End XCConfigurationList section */
	};
	rootObject = C59C80D420DE2A5800E1D438 /* Project object */;
}
